# This file is automatically @generated by Cargo.
# It is not intended for manual editing.
version = 3

[[package]]
name = "app"
version = "0.1.0"
dependencies = [
 "foundation",
 "inventory",
 "static_plugin",
]

[[package]]
name = "dynamic_plugin"
version = "0.1.0"

[[package]]
name = "foundation"
version = "0.1.0"
dependencies = [
 "inventory",
]

[[package]]
name = "inventory"
version = "0.3.15"
source = "registry+https://github.com/rust-lang/crates.io-index"
checksum = "f958d3d68f4167080a18141e10381e7634563984a537f2a49a30fd8e53ac5767"

[[package]]
name = "static_plugin"
version = "0.1.0"
dependencies = [
 "foundation",
 "inventory",
]
